{
  "meteor": {},
  "dependencies": {
    "basePackages": {
      "iron-router": {},
      "ms-seo": {},
      "mambo-authenticate": {
        "git": "https://github.com/DerMambo/mambo-authenticate.git",
        "branch": "master"
      },
      "ms-validator": {
        "git": "https://github.com/DerMambo/ms-validator.git",
        "branch": "master"
      },
      "basic-auth": {
        "git": "https://github.com/DerMambo/basic-auth.git",
        "branch": "master"
      },
      "mambo-forms": {
        "git": "https://github.com/DerMambo/mambo-forms.git",
        "branch": "master"
      },
      "minimongoid": {},
      "bootstrap-tabs": {
        "git": "https://github.com/DerMambo/bootstrap-tabs.git",
        "branch": "master"
      },
      "moment": {
        "git": "https://github.com/DerMambo/moment.git",
        "branch": "master"
      },
      "common-helpers": {
        "git": "https://github.com/DerMambo/common-helpers.git",
        "branch": "master"
      },
      "notify": {
        "git": "https://github.com/DerMambo/notify.git",
        "branch": "master"
      },
      "ms-google-analytics": {
        "git": "https://github.com/DerMambo/ms-google-analytics.git",
        "branch": "master"
      },
      "ms-markdown-editor": {
        "git": "https://github.com/DerMambo/ms-markdown-editor.git",
        "branch": "master"
      }
    },
    "packages": {
      "iron-router": {
        "git": "https://github.com/EventedMind/iron-router.git",
        "tag": "v0.8.2",
        "commit": "05415a8891ea87a00fb1e2388585f2ca5a38e0da"
      },
      "ms-seo": {
        "git": "https://github.com/DerMambo/ms-seo",
        "tag": "v0.2.6",
        "commit": "1a4ba31a1f6f29009d3941e9dd883829ff4e4b8b"
      },
      "mambo-authenticate": {
        "git": "https://github.com/DerMambo/mambo-authenticate.git",
        "branch": "master",
        "commit": "04ca6f6f1fb6ad5c64cae60beceeebff1a54909f"
      },
      "ms-validator": {
        "git": "https://github.com/DerMambo/ms-validator.git",
        "branch": "master",
        "commit": "ec15e737bb8231d2145a835f7dbdc1959c948082"
      },
      "basic-auth": {
        "git": "https://github.com/DerMambo/basic-auth.git",
        "branch": "master",
        "commit": "b8ac550d8e3d58b3f432c5870a553779a1338c6c"
      },
      "mambo-forms": {
        "git": "https://github.com/DerMambo/mambo-forms.git",
        "branch": "master",
        "commit": "1073f4a3c5e11bf1719a62899a0ab80f485fbf6a"
      },
      "minimongoid": {
        "git": "https://github.com/Exygy/minimongoid.git",
        "tag": "v0.8.8",
        "commit": "cf8d0bec44934d617544965977f270f2a8cdca02"
      },
      "bootstrap-tabs": {
        "git": "https://github.com/DerMambo/bootstrap-tabs.git",
        "branch": "master",
        "commit": "bd307185586ebfaffb9c9b12f61b95dfb0ae6a49"
      },
      "moment": {
        "git": "https://github.com/DerMambo/moment.git",
        "branch": "master",
        "commit": "4ebebe13d031bebf9d43e4581059aa62df754f92"
      },
      "common-helpers": {
        "git": "https://github.com/DerMambo/common-helpers.git",
        "branch": "master",
        "commit": "bbdec2337aaf4a1cc7cff314f514c3e8fb825e3c"
      },
      "notify": {
        "git": "https://github.com/DerMambo/notify.git",
        "branch": "master",
        "commit": "f97e72c1a367fd936bf639f45e273425c1a54c5a"
      },
      "ms-google-analytics": {
        "git": "https://github.com/DerMambo/ms-google-analytics.git",
        "branch": "master",
        "commit": "9eff44f2d5a51e5f21d81a8e7c2b0c69ba8a520e"
      },
      "ms-markdown-editor": {
        "git": "https://github.com/DerMambo/ms-markdown-editor.git",
        "branch": "master",
        "commit": "6791764b9e231a6ab2d2c68c21c9fab195551557"
      },
      "iron-layout": {
        "git": "https://github.com/EventedMind/iron-layout.git",
        "tag": "v0.2.0",
        "commit": "4a2d53e35ba036b0c189c7ceca34be494d4c6c97"
      },
      "underscore-string-latest": {
        "git": "https://github.com/TimHeckel/meteor-underscore-string.git",
        "tag": "v2.3.3",
        "commit": "4a5d70eee48fbd90a6e6fc78747250d704a0b3bb"
      },
      "ace-embed": {
        "git": "https://github.com/stuartfenton/meteor-ace-embed.git",
        "tag": "v0.0.4",
        "commit": "027b0e1b0d06111b51a713f04a8b8750fdcbd289"
      },
      "marked": {
        "git": "https://github.com/DerMambo/marked.git",
        "branch": "master",
        "commit": "c7314747b56d56690dcfa678334bf4af9b522b10"
      },
      "blaze-layout": {
        "git": "https://github.com/EventedMind/blaze-layout.git",
        "tag": "v0.2.5",
        "commit": "273e3ab7d005d91a1a59c71bd224533b4dae2fbd"
      },
      "iron-core": {
        "git": "https://github.com/EventedMind/iron-core.git",
        "tag": "v0.2.0",
        "commit": "0e48b5dc50d03f01025b7b900fb5ce2f13d52cad"
      },
      "iron-dynamic-template": {
        "git": "https://github.com/EventedMind/iron-dynamic-template.git",
        "tag": "v0.2.1",
        "commit": "4dd1185c4d9d616c9abdb3f33e4a7d5a88db7e18"
      }
    }
  }
}
